<?xml version="1.0" encoding="utf-8"?>
<Project ToolsVersion="4.0" xmlns="http://schemas.microsoft.com/developer/msbuild/2003">
  <ItemGroup>
    <Filter Include="win32">
      <UniqueIdentifier>{84a8ebd7-7cf0-47f6-b75e-d441df67da40}</UniqueIdentifier>
    </Filter>
    <Filter Include="resource">
      <UniqueIdentifier>{715254bc-d70b-4ec5-bf29-467dd3ace079}</UniqueIdentifier>
    </Filter>
    <Filter Include="src">
      <UniqueIdentifier>{bb6c862e-70e9-49d9-81b7-3829a6f50471}</UniqueIdentifier>
    </Filter>
    <Filter Include="src\Scene">
      <UniqueIdentifier>{802be190-cd3a-4bb0-939f-09562e00909a}</UniqueIdentifier>
    </Filter>
    <Filter Include="src\Controller">
      <UniqueIdentifier>{843fdfad-a0a7-41aa-9acd-63595790a2fa}</UniqueIdentifier>
    </Filter>
    <Filter Include="src\Service">
      <UniqueIdentifier>{a2238bc5-47c6-4a89-b826-3b31f485cad0}</UniqueIdentifier>
    </Filter>
    <Filter Include="src\Controller\Event">
      <UniqueIdentifier>{7166ba58-f084-47d6-949a-1b6949a2d1d3}</UniqueIdentifier>
    </Filter>
    <Filter Include="src\Model">
      <UniqueIdentifier>{0c2ac1d8-a421-4512-b710-41663b6836c9}</UniqueIdentifier>
    </Filter>
    <Filter Include="src\Character">
      <UniqueIdentifier>{ce488c1c-d6dc-43e8-9a89-e702e4f2f200}</UniqueIdentifier>
    </Filter>
    <Filter Include="src\ViewModel">
      <UniqueIdentifier>{4c812184-59d0-4771-b8c7-8cba0b056ce7}</UniqueIdentifier>
    </Filter>
  </ItemGroup>
  <ItemGroup>
    <ClCompile Include="main.cpp">
      <Filter>win32</Filter>
    </ClCompile>
    <ClCompile Include="..\Classes\AppDelegate.cpp">
      <Filter>src</Filter>
    </ClCompile>
    <ClCompile Include="..\Classes\Scene\RoomScene.cpp">
      <Filter>src\Scene</Filter>
    </ClCompile>
    <ClCompile Include="..\Classes\Scene\MainScene.cpp">
      <Filter>src\Scene</Filter>
    </ClCompile>
    <ClCompile Include="..\Classes\Controller\MainSceneController.cpp">
      <Filter>src\Controller</Filter>
    </ClCompile>
    <ClCompile Include="..\Classes\Controller\RoomSceneController.cpp">
      <Filter>src\Controller</Filter>
    </ClCompile>
    <ClCompile Include="..\Classes\Service\LevelService.cpp">
      <Filter>src\Service</Filter>
    </ClCompile>
    <ClCompile Include="..\Classes\Model\MainSceneModel.cpp">
      <Filter>src\Model</Filter>
    </ClCompile>
    <ClCompile Include="..\Classes\Model\RoomSceneModel.cpp">
      <Filter>src\Model</Filter>
    </ClCompile>
    <ClCompile Include="..\Classes\Character\Issac.cpp">
      <Filter>src\Character</Filter>
    </ClCompile>
    <ClCompile Include="..\Classes\Character\Monster.cpp">
      <Filter>src\Character</Filter>
    </ClCompile>
    <ClCompile Include="..\Classes\Character\SimpleItem.cpp">
      <Filter>src\Character</Filter>
    </ClCompile>
    <ClCompile Include="..\Classes\ViewModel\SimpleItemViewModel.cpp">
      <Filter>src\ViewModel</Filter>
    </ClCompile>
    <ClCompile Include="..\Classes\Character\Moveable.cpp">
      <Filter>src\Character</Filter>
    </ClCompile>
    <ClCompile Include="..\Classes\Service\RoomService.cpp">
      <Filter>src\Service</Filter>
    </ClCompile>
    <ClCompile Include="..\Classes\ViewModel\RoomViewModel.cpp">
      <Filter>src\ViewModel</Filter>
    </ClCompile>
    <ClCompile Include="..\Classes\ViewModel\MiniMapViewModel.cpp">
      <Filter>src\ViewModel</Filter>
    </ClCompile>
    <ClCompile Include="..\Classes\Character\Tear.cpp">
      <Filter>src\Character</Filter>
    </ClCompile>
    <ClCompile Include="..\Classes\Character\Stone.cpp">
      <Filter>src\Character</Filter>
    </ClCompile>
    <ClCompile Include="..\Classes\Character\Door.cpp">
      <Filter>src\Character</Filter>
    </ClCompile>
    <ClCompile Include="..\Classes\Service\PlayerService.cpp">
      <Filter>src\Service</Filter>
    </ClCompile>
    <ClCompile Include="..\Classes\ViewModel\PlayerViewModel.cpp">
      <Filter>src\ViewModel</Filter>
    </ClCompile>
    <ClCompile Include="..\character\Collectable.cpp">
      <Filter>src\Character</Filter>
    </ClCompile>
  </ItemGroup>
  <ItemGroup>
    <ClInclude Include="main.h">
      <Filter>win32</Filter>
    </ClInclude>
    <ClInclude Include="..\Classes\AppDelegate.h">
      <Filter>src</Filter>
    </ClInclude>
    <ClInclude Include="..\Classes\Service\LevelService.h">
      <Filter>src\Service</Filter>
    </ClInclude>
    <ClInclude Include="..\Classes\Scene\MainScene.h">
      <Filter>src\Scene</Filter>
    </ClInclude>
    <ClInclude Include="..\Classes\Controller\MainSceneController.h">
      <Filter>src\Controller</Filter>
    </ClInclude>
    <ClInclude Include="..\Classes\Scene\RoomScene.h">
      <Filter>src\Scene</Filter>
    </ClInclude>
    <ClInclude Include="..\Classes\Controller\RoomSceneController.h">
      <Filter>src\Controller</Filter>
    </ClInclude>
    <ClInclude Include="..\Classes\Controller\Event\IMainSceneListener.h">
      <Filter>src\Controller\Event</Filter>
    </ClInclude>
    <ClInclude Include="..\Classes\Controller\Event\IRoomSceneListener.h">
      <Filter>src\Controller\Event</Filter>
    </ClInclude>
    <ClInclude Include="..\Classes\Model\MainSceneModel.h">
      <Filter>src\Model</Filter>
    </ClInclude>
    <ClInclude Include="..\Classes\Model\RoomSceneModel.hpp">
      <Filter>src\Model</Filter>
    </ClInclude>
    <ClInclude Include="..\Classes\Character\Issac.hpp">
      <Filter>src\Character</Filter>
    </ClInclude>
    <ClInclude Include="..\Classes\Character\Monster.hpp">
      <Filter>src\Character</Filter>
    </ClInclude>
    <ClInclude Include="..\Classes\Character\SimpleItem.h">
      <Filter>src\Character</Filter>
    </ClInclude>
    <ClInclude Include="..\Classes\ViewModel\SimpleItemViewModel.h">
      <Filter>src\ViewModel</Filter>
    </ClInclude>
    <ClInclude Include="..\Classes\Character\Moveable.h">
      <Filter>src\Character</Filter>
    </ClInclude>
    <ClInclude Include="..\Classes\Service\RoomService.h">
      <Filter>src\Service</Filter>
    </ClInclude>
    <ClInclude Include="..\Classes\ViewModel\RoomViewModel.h">
      <Filter>src\ViewModel</Filter>
    </ClInclude>
    <ClInclude Include="..\Classes\ViewModel\MiniMapViewModel.h">
      <Filter>src\ViewModel</Filter>
    </ClInclude>
    <ClInclude Include="..\Classes\Character\Tear.h">
      <Filter>src\Character</Filter>
    </ClInclude>
    <ClInclude Include="..\Classes\Character\Stone.h">
      <Filter>src\Character</Filter>
    </ClInclude>
    <ClInclude Include="..\Classes\Character\Door.h">
      <Filter>src\Character</Filter>
    </ClInclude>
    <ClInclude Include="..\Classes\Service\PlayerService.h">
      <Filter>src\Service</Filter>
    </ClInclude>
    <ClInclude Include="..\Classes\ViewModel\PlayerViewModel.h">
      <Filter>src\ViewModel</Filter>
    </ClInclude>
    <ClInclude Include="..\character\Collectable.h">
      <Filter>src\Character</Filter>
    </ClInclude>
  </ItemGroup>
  <ItemGroup>
    <ResourceCompile Include="game.rc">
      <Filter>resource</Filter>
    </ResourceCompile>
  </ItemGroup>
</Project>